<?xml version="1.0" encoding="utf-8"?>
<Project ToolsVersion="4.0" xmlns="http://schemas.microsoft.com/developer/msbuild/2003">
  <ItemGroup>
    <Filter Include="Decoding">
      <UniqueIdentifier>{c483d699-c561-428a-b8d9-68fb57a499d4}</UniqueIdentifier>
    </Filter>
    <Filter Include="Encoding">
      <UniqueIdentifier>{068cdf37-15be-4fde-af9a-d8a118c9805c}</UniqueIdentifier>
    </Filter>
    <Filter Include="Common">
      <UniqueIdentifier>{b3070c26-118c-467b-8763-9a271c39ed65}</UniqueIdentifier>
    </Filter>
    <Filter Include="Dll">
      <UniqueIdentifier>{572d7c32-a5b5-4bcf-aa62-f737fc6ae442}</UniqueIdentifier>
    </Filter>
  </ItemGroup>
  <ItemGroup>
    <ClInclude Include="Decoder.h">
      <Filter>Decoding</Filter>
    </ClInclude>
    <ClInclude Include="Encoder.h">
      <Filter>Encoding</Filter>
    </ClInclude>
    <ClInclude Include="encoding_machine.h">
      <Filter>Encoding</Filter>
    </ClInclude>
    <ClInclude Include="preprocessor.h">
      <Filter>Encoding</Filter>
    </ClInclude>
    <ClInclude Include="Byte.h">
      <Filter>Common</Filter>
    </ClInclude>
    <ClInclude Include="helpers.h">
      <Filter>Common</Filter>
    </ClInclude>
    <ClInclude Include="framework.h">
      <Filter>Dll</Filter>
    </ClInclude>
    <ClInclude Include="pch.h">
      <Filter>Dll</Filter>
    </ClInclude>
    <ClInclude Include="decoding_machine.h">
      <Filter>Decoding</Filter>
    </ClInclude>
  </ItemGroup>
  <ItemGroup>
    <ClCompile Include="Decoder.cpp">
      <Filter>Decoding</Filter>
    </ClCompile>
    <ClCompile Include="encoding_machine.cpp">
      <Filter>Encoding</Filter>
    </ClCompile>
    <ClCompile Include="Encoder.cpp">
      <Filter>Encoding</Filter>
    </ClCompile>
    <ClCompile Include="preprocessor.cpp">
      <Filter>Encoding</Filter>
    </ClCompile>
    <ClCompile Include="helpers.cpp">
      <Filter>Common</Filter>
    </ClCompile>
    <ClCompile Include="dllmain.cpp">
      <Filter>Dll</Filter>
    </ClCompile>
    <ClCompile Include="pch.cpp">
      <Filter>Dll</Filter>
    </ClCompile>
    <ClCompile Include="decoding_machine.cpp">
      <Filter>Decoding</Filter>
    </ClCompile>
  </ItemGroup>
</Project>